// !$*UTF8*$!
{
	archiveVersion = 1;
	classes = {
	};
	objectVersion = 46;
	objects = {

/* Begin PBXBuildFile section */
		83B40CDE1CB4C71F004F6887 /* AppDelegate.swift in Sources */ = {isa = PBXBuildFile; fileRef = 83B40CDD1CB4C71F004F6887 /* AppDelegate.swift */; };
		83B40CE01CB4C71F004F6887 /* Assets.xcassets in Resources */ = {isa = PBXBuildFile; fileRef = 83B40CDF1CB4C71F004F6887 /* Assets.xcassets */; };
		83B40CE31CB4C71F004F6887 /* MainMenu.xib in Resources */ = {isa = PBXBuildFile; fileRef = 83B40CE11CB4C71F004F6887 /* MainMenu.xib */; };
/* End PBXBuildFile section */

/* Begin PBXFileReference section */
		83B40CDA1CB4C71F004F6887 /* WhatColorIsIt.app */ = {isa = PBXFileReference; explicitFileType = wrapper.application; includeInIndex = 0; path = WhatColorIsIt.app; sourceTree = BUILT_PRODUCTS_DIR; };
		83B40CDD1CB4C71F004F6887 /* AppDelegate.swift */ = {isa = PBXFileReference; lastKnownFileType = sourcecode.swift; path = AppDelegate.swift; sourceTree = "<group>"; };
		83B40CDF1CB4C71F004F6887 /* Assets.xcassets */ = {isa = PBXFileReference; lastKnownFileType = folder.assetcatalog; path = Assets.xcassets; sourceTree = "<group>"; };
		83B40CE21CB4C71F004F6887 /* Base */ = {isa = PBXFileReference; lastKnownFileType = file.xib; name = Base; path = Base.lproj/MainMenu.xib; sourceTree = "<group>"; };
		83B40CE41CB4C71F004F6887 /* Info.plist */ = {isa = PBXFileReference; lastKnownFileType = text.plist.xml; path = Info.plist; sourceTree = "<group>"; };
/* End PBXFileReference section */

/* Begin PBXFrameworksBuildPhase section */
		83B40CD71CB4C71F004F6887 /* Frameworks */ = {
			isa = PBXFrameworksBuildPhase;
			buildActionMask = 2147483647;
			files = (
			);
			runOnlyForDeploymentPostprocessing = 0;
		};
/* End PBXFrameworksBuildPhase section */

/* Begin PBXGroup section */
		83B40CD11CB4C71F004F6887 = {
			isa = PBXGroup;
			children = (
				83B40CDC1CB4C71F004F6887 /* WhatColorIsIt */,
				83B40CDB1CB4C71F004F6887 /* Products */,
			);
			sourceTree = "<group>";
		};
		83B40CDB1CB4C71F004F6887 /* Products */ = {
			isa = PBXGroup;
			children = (
				83B40CDA1CB4C71F004F6887 /* WhatColorIsIt.app */,
			);
			name = Products;
			sourceTree = "<group>";
		};
		83B40CDC1CB4C71F004F6887 /* WhatColorIsIt */ = {
			isa = PBXGroup;
			children = (
				83B40CDD1CB4C71F004F6887 /* AppDelegate.swift */,
				83B40CDF1CB4C71F004F6887 /* Assets.xcassets */,
				83B40CE11CB4C71F004F6887 /* MainMenu.xib */,
				83B40CE41CB4C71F004F6887 /* Info.plist */,
			);
			path = WhatColorIsIt;
			sourceTree = "<group>";
		};
/* End PBXGroup section */

/* Begin PBXNativeTarget section */
		83B40CD91CB4C71F004F6887 /* WhatColorIsIt */ = {
			isa = PBXNativeTarget;
			buildConfigurationList = 83B40CE71CB4C71F004F6887 /* Build configuration list for PBXNativeTarget "WhatColorIsIt" */;
			buildPhases = (
				83B40CD61CB4C71F004F6887 /* Sources */,
				83B40CD71CB4C71F004F6887 /* Frameworks */,
				83B40CD81CB4C71F004F6887 /* Resources */,
			);
			buildRules = (
			);
			dependencies = (
			);
			name = WhatColorIsIt;
			productName = WhatColorIsIt;
			productReference = 83B40CDA1CB4C71F004F6887 /* WhatColorIsIt.app */;
			productType = "com.apple.product-type.application";
		};
/* End PBXNativeTarget section */

/* Begin PBXProject section */
		83B40CD21CB4C71F004F6887 /* Project object */ = {
			isa = PBXProject;
			attributes = {
				LastSwiftUpdateCheck = 0730;
				LastUpgradeCheck = 0730;
				ORGANIZATIONNAME = "Chris Slowik";
				TargetAttributes = {
					83B40CD91CB4C71F004F6887 = {
						CreatedOnToolsVersion = 7.3;
						DevelopmentTeam = 8U4R9Q4J3X;
					};
				};
			};
			buildConfigurationList = 83B40CD51CB4C71F004F6887 /* Build configuration list for PBXProject "WhatColorIsIt" */;
			compatibilityVersion = "Xcode 3.2";
			developmentRegion = English;
			hasScannedForEncodings = 0;
			knownRegions = (
				en,
				Base,
			);
			mainGroup = 83B40CD11CB4C71F004F6887;
			productRefGroup = 83B40CDB1CB4C71F004F6887 /* Products */;
			projectDirPath = "";
			projectRoot = "";
			targets = (
				83B40CD91CB4C71F004F6887 /* WhatColorIsIt */,
			);
		};
/* End PBXProject section */

/* Begin PBXResourcesBuildPhase section */
		83B40CD81CB4C71F004F6887 /* Resources */ = {
			isa = PBXResourcesBuildPhase;
			buildActionMask = 2147483647;
			files = (
				83B40CE01CB4C71F004F6887 /* Assets.xcassets in Resources */,
				83B40CE31CB4C71F004F6887 /* MainMenu.xib in Resources */,
			);
			runOnlyForDeploymentPostprocessing = 0;
		};
/* End PBXResourcesBuildPhase section */

/* Begin PBXSourcesBuildPhase section */
		83B40CD61CB4C71F004F6887 /* Sources */ = {
			isa = PBXSourcesBuildPhase;
			buildActionMask = 2147483647;
			files = (
				83B40CDE1CB4C71F004F6887 /* AppDelegate.swift in Sources */,
			);
			runOnlyForDeploymentPostprocessing = 0;
		};
/* End PBXSourcesBuildPhase section */

/* Begin PBXVariantGroup section */
		83B40CE11CB4C71F004F6887 /* MainMenu.xib */ = {
			isa = PBXVariantGroup;
			children = (
				83B40CE21CB4C71F004F6887 /* Base */,
			);
			name = MainMenu.xib;
			sourceTree = "<group>";
		};
/* End PBXVariantGroup section */

/* Begin XCBuildConfiguration section */
		83B40CE51CB4C71F004F6887 /* Debug */ = {
			isa = XCBuildConfiguration;
			buildSettings = {
				ALWAYS_SEARCH_USER_PATHS = NO;
				CLANG_ANALYZER_NONNULL = YES;
				CLANG_CXX_LANGUAGE_STANDARD = "gnu++0x";
				CLANG_CXX_LIBRARY = "libc++";
				CLANG_ENABLE_MODULES = YES;
				CLANG_ENABLE_OBJC_ARC = YES;
				CLANG_WARN_BOOL_CONVERSION = YES;
				CLANG_WARN_CONSTANT_CONVERSION = YES;
				CLANG_WARN_DIRECT_OBJC_ISA_USAGE = YES_ERROR;
				CLANG_WARN_EMPTY_BODY = YES;
				CLANG_WARN_ENUM_CONVERSION = YES;
				CLANG_WARN_INT_CONVERSION = YES;
				CLANG_WARN_OBJC_ROOT_CLASS = YES_ERROR;
				CLANG_WARN_UNREACHABLE_CODE = YES;
				CLANG_WARN__DUPLICATE_METHOD_MATCH = YES;
				CODE_SIGN_IDENTITY = "-";
				COPY_PHASE_STRIP = NO;
				DEBUG_INFORMATION_FORMAT = dwarf;
				ENABLE_STRICT_OBJC_MSGSEND = YES;
				ENABLE_TESTABILITY = YES;
				GCC_C_LANGUAGE_STANDARD = gnu99;
				GCC_DYNAMIC_NO_PIC = NO;
				GCC_NO_COMMON_BLOCKS = YES;
				GCC_OPTIMIZATION_LEVEL = 0;
				GCC_PREPROCESSOR_DEFINITIONS = (
					"DEBUG=1",
					"$(inherited)",
				);
				GCC_WARN_64_TO_32_BIT_CONVERSION = YES;
				GCC_WARN_ABOUT_RETURN_TYPE = YES_ERROR;
				GCC_WARN_UNDECLARED_SELECTOR = YES;
				GCC_WARN_UNINITIALIZED_AUTOS = YES_AGGRESSIVE;
				GCC_WARN_UNUSED_FUNCTION = YES;
				GCC_WARN_UNUSED_VARIABLE = YES;
				MACOSX_DEPLOYMENT_TARGET = 10.11;
				MTL_ENABLE_DEBUG_INFO = YES;
				ONLY_ACTIVE_ARCH = YES;
				SDKROOT = macosx;
				SWIFT_OPTIMIZATION_LEVEL = "-Onone";
			};
			name = Debug;
		};
		83B40CE61CB4C71F004F6887 /* Release */ = {
			isa = XCBuildConfiguration;
			buildSettings = {
				ALWAYS_SEARCH_USER_PATHS = NO;
				CLANG_ANALYZER_NONNULL = YES;
				CLANG_CXX_LANGUAGE_STANDARD = "gnu++0x";
				CLANG_CXX_LIBRARY = "libc++";
				CLANG_ENABLE_MODULES = YES;
				CLANG_ENABLE_OBJC_ARC = YES;
				CLANG_WARN_BOOL_CONVERSION = YES;
				CLANG_WARN_CONSTANT_CONVERSION = YES;
				CLANG_WARN_DIRECT_OBJC_ISA_USAGE = YES_ERROR;
				CLANG_WARN_EMPTY_BODY = YES;
				CLANG_WARN_ENUM_CONVERSION = YES;
				CLANG_WARN_INT_CONVERSION = YES;
				CLANG_WARN_OBJC_ROOT_CLASS = YES_ERROR;
				CLANG_WARN_UNREACHABLE_CODE = YES;
				CLANG_WARN__DUPLICATE_METHOD_MATCH = YES;
				CODE_SIGN_IDENTITY = "-";
				COPY_PHASE_STRIP = NO;
				DEBUG_INFORMATION_FORMAT = "dwarf-with-dsym";
				ENABLE_NS_ASSERTIONS = NO;
				ENABLE_STRICT_OBJC_MSGSEND = YES;
				GCC_C_LANGUAGE_STANDARD = gnu99;
				GCC_NO_COMMON_BLOCKS = YES;
				GCC_WARN_64_TO_32_BIT_CONVERSION = YES;
				GCC_WARN_ABOUT_RETURN_TYPE = YES_ERROR;
				GCC_WARN_UNDECLARED_SELECTOR = YES;
				GCC_WARN_UNINITIALIZED_AUTOS = YES_AGGRESSIVE;
				GCC_WARN_UNUSED_FUNCTION = YES;
				GCC_WARN_UNUSED_VARIABLE = YES;
				MACOSX_DEPLOYMENT_TARGET = 10.11;
				MTL_ENABLE_DEBUG_INFO = NO;
				SDKROOT = macosx;
			};
			name = Release;
		};
		83B40CE81CB4C71F004F6887 /* Debug */ = {
			isa = XCBuildConfiguration;
			buildSettings = {
				ASSETCATALOG_COMPILER_APPICON_NAME = AppIcon;
				CODE_SIGN_IDENTITY = "Mac Developer";
				"CODE_SIGN_IDENTITY[sdk=macosx*]" = "Mac Developer";
				COMBINE_HIDPI_IMAGES = YES;
				INFOPLIST_FILE = WhatColorIsIt/Info.plist;
				LD_RUNPATH_SEARCH_PATHS = "$(inherited) @executable_path/../Frameworks";
				PRODUCT_BUNDLE_IDENTIFIER = com.slowik.WhatColorIsIt;
				PRODUCT_NAME = "$(TARGET_NAME)";
				PROVISIONING_PROFILE = "";
			};
			name = Debug;
		};
		83B40CE91CB4C71F004F6887 /* Release */ = {
			isa = XCBuildConfiguration;
			buildSettings = {
				ASSETCATALOG_COMPILER_APPICON_NAME = AppIcon;
				CODE_SIGN_IDENTITY = "Mac Developer";
				"CODE_SIGN_IDENTITY[sdk=macosx*]" = "Mac Developer";
				COMBINE_HIDPI_IMAGES = YES;
				INFOPLIST_FILE = WhatColorIsIt/Info.plist;
				LD_RUNPATH_SEARCH_PATHS = "$(inherited) @executable_path/../Frameworks";
				PRODUCT_BUNDLE_IDENTIFIER = com.slowik.WhatColorIsIt;
				PRODUCT_NAME = "$(TARGET_NAME)";
				PROVISIONING_PROFILE = "";
			};
			name = Release;
		};
/* End XCBuildConfiguration section */

/* Begin XCConfigurationList section */
		83B40CD51CB4C71F004F6887 /* Build configuration list for PBXProject "WhatColorIsIt" */ = {
			isa = XCConfigurationList;
			buildConfigurations = (
				83B40CE51CB4C71F004F6887 /* Debug */,
				83B40CE61CB4C71F004F6887 /* Release */,
			);
			defaultConfigurationIsVisible = 0;
			defaultConfigurationName = Release;
		};
		83B40CE71CB4C71F004F6887 /* Build configuration list for PBXNativeTarget "WhatColorIsIt" */ = {
			isa = XCConfigurationList;
			buildConfigurations = (
				83B40CE81CB4C71F004F6887 /* Debug */,
				83B40CE91CB4C71F004F6887 /* Release */,
			);
			defaultConfigurationIsVisible = 0;
			defaultConfigurationName = Release;
		};
/* End XCConfigurationList section */
	};
	rootObject = 83B40CD21CB4C71F004F6887 /* Project object */;
}
